{
  "pins" : [
    {
      "identity" : "swiftopenai",
      "kind" : "remoteSourceControl",
      "location" : "https://github.com/jamesrochabrun/SwiftOpenAI",
      "state" : {
        "branch" : "main",
        "revision" : "035b8d638181189fe61a6fbd2e828bc5ed25dd54"
      }
    }
  ],
  "version" : 2
}
