{
  "pins" : [
    {
      "identity" : "swiftopenai",
      "kind" : "remoteSourceControl",
      "location" : "https://github.com/jamesrochabrun/SwiftOpenAI",
      "state" : {
        "branch" : "main",
        "revision" : "ad60be4b5af4d1e86b2eaf501dce9ff25354ddbf"
      }
    }
  ],
  "version" : 2
}
