{
  "pins" : [
    {
      "identity" : "swiftopenai",
      "kind" : "remoteSourceControl",
      "location" : "https://github.com/jamesrochabrun/SwiftOpenAI",
      "state" : {
        "branch" : "main",
        "revision" : "8bd5fdbdb20526b3813b8ded9ca90be7e5d11023"
      }
    }
  ],
  "version" : 2
}
